
Microsoft Visual Studio Solution File, Format Version 12.00
# Visual Studio Version 17
VisualStudioVersion = 17.0.31903.59
MinimumVisualStudioVersion = 10.0.40219.1
Project("{FAE04EC0-301F-11D3-BF4B-00C04F79EFBC}") = "RehabManagementSystem.Domain", "RehabManagementSystem.Domain\RehabManagementSystem.Domain.csproj", "{EED21DD2-3B4A-4552-B475-3D0003B0C73B}"
EndProject
Project("{FAE04EC0-301F-11D3-BF4B-00C04F79EFBC}") = "RehabManagementSystem.Database", "RehabManagementSystem.Database\RehabManagementSystem.Database.csproj", "{1F95C406-09D9-4A52-A6F3-5CD0C771B8B9}"
EndProject
Project("{FAE04EC0-301F-11D3-BF4B-00C04F79EFBC}") = "RehabManagementSystem.GrpcServices", "RehabManagementSystem.GrpcServices\RehabManagementSystem.GrpcServices.csproj", "{4F939196-2653-41BA-9499-955C3EB4DF39}"
EndProject
Global
	GlobalSection(SolutionConfigurationPlatforms) = preSolution
		Debug|Any CPU = Debug|Any CPU
		Release|Any CPU = Release|Any CPU
	EndGlobalSection
	GlobalSection(SolutionProperties) = preSolution
		HideSolutionNode = FALSE
	EndGlobalSection
	GlobalSection(ProjectConfigurationPlatforms) = postSolution
		{EED21DD2-3B4A-4552-B475-3D0003B0C73B}.Debug|Any CPU.ActiveCfg = Debug|Any CPU
		{EED21DD2-3B4A-4552-B475-3D0003B0C73B}.Debug|Any CPU.Build.0 = Debug|Any CPU
		{EED21DD2-3B4A-4552-B475-3D0003B0C73B}.Release|Any CPU.ActiveCfg = Release|Any CPU
		{EED21DD2-3B4A-4552-B475-3D0003B0C73B}.Release|Any CPU.Build.0 = Release|Any CPU
		{F004D6CC-3720-4541-AAF7-A6D16CD4A87E}.Debug|Any CPU.ActiveCfg = Debug|Any CPU
		{F004D6CC-3720-4541-AAF7-A6D16CD4A87E}.Debug|Any CPU.Build.0 = Debug|Any CPU
		{F004D6CC-3720-4541-AAF7-A6D16CD4A87E}.Release|Any CPU.ActiveCfg = Release|Any CPU
		{F004D6CC-3720-4541-AAF7-A6D16CD4A87E}.Release|Any CPU.Build.0 = Release|Any CPU
		{1F95C406-09D9-4A52-A6F3-5CD0C771B8B9}.Debug|Any CPU.ActiveCfg = Debug|Any CPU
		{1F95C406-09D9-4A52-A6F3-5CD0C771B8B9}.Debug|Any CPU.Build.0 = Debug|Any CPU
		{1F95C406-09D9-4A52-A6F3-5CD0C771B8B9}.Release|Any CPU.ActiveCfg = Release|Any CPU
		{1F95C406-09D9-4A52-A6F3-5CD0C771B8B9}.Release|Any CPU.Build.0 = Release|Any CPU
		{4F939196-2653-41BA-9499-955C3EB4DF39}.Debug|Any CPU.ActiveCfg = Debug|Any CPU
		{4F939196-2653-41BA-9499-955C3EB4DF39}.Debug|Any CPU.Build.0 = Debug|Any CPU
		{4F939196-2653-41BA-9499-955C3EB4DF39}.Release|Any CPU.ActiveCfg = Release|Any CPU
		{4F939196-2653-41BA-9499-955C3EB4DF39}.Release|Any CPU.Build.0 = Release|Any CPU
	EndGlobalSection
EndGlobal
